
Microsoft Visual Studio Solution File, Format Version 12.00
# Visual Studio Version 17
VisualStudioVersion = 17.6.33723.286
MinimumVisualStudioVersion = 10.0.40219.1
Project("{FAE04EC0-301F-11D3-BF4B-00C04F79EFBC}") = "NlogTest", "NlogTest\NlogTest.csproj", "{E8B7C7C6-943D-4A02-92B8-3005E1C37F44}"
EndProject
Project("{FAE04EC0-301F-11D3-BF4B-00C04F79EFBC}") = "NlogForm", "NlogForm\NlogForm.csproj", "{F3905D32-1A88-4BDA-9DB7-6BC1AD3F7578}"
EndProject
Global
	GlobalSection(SolutionConfigurationPlatforms) = preSolution
		Debug|Any CPU = Debug|Any CPU
		Release|Any CPU = Release|Any CPU
	EndGlobalSection
	GlobalSection(ProjectConfigurationPlatforms) = postSolution
		{E8B7C7C6-943D-4A02-92B8-3005E1C37F44}.Debug|Any CPU.ActiveCfg = Debug|Any CPU
		{E8B7C7C6-943D-4A02-92B8-3005E1C37F44}.Debug|Any CPU.Build.0 = Debug|Any CPU
		{E8B7C7C6-943D-4A02-92B8-3005E1C37F44}.Release|Any CPU.ActiveCfg = Release|Any CPU
		{E8B7C7C6-943D-4A02-92B8-3005E1C37F44}.Release|Any CPU.Build.0 = Release|Any CPU
		{F3905D32-1A88-4BDA-9DB7-6BC1AD3F7578}.Debug|Any CPU.ActiveCfg = Debug|Any CPU
		{F3905D32-1A88-4BDA-9DB7-6BC1AD3F7578}.Debug|Any CPU.Build.0 = Debug|Any CPU
		{F3905D32-1A88-4BDA-9DB7-6BC1AD3F7578}.Release|Any CPU.ActiveCfg = Release|Any CPU
		{F3905D32-1A88-4BDA-9DB7-6BC1AD3F7578}.Release|Any CPU.Build.0 = Release|Any CPU
	EndGlobalSection
	GlobalSection(SolutionProperties) = preSolution
		HideSolutionNode = FALSE
	EndGlobalSection
	GlobalSection(ExtensibilityGlobals) = postSolution
		SolutionGuid = {A97C9D72-2BB5-47CC-8E94-15BFB849C7C5}
	EndGlobalSection
EndGlobal
